
Microsoft Visual Studio Solution File, Format Version 12.00
# Visual Studio 15
VisualStudioVersion = 15.0.26730.16
MinimumVisualStudioVersion = 10.0.40219.1
Project("{FAE04EC0-301F-11D3-BF4B-00C04F79EFBC}") = "Monitor", "Monitor\Monitor.csproj", "{297287BA-11D8-4B73-9F70-18A102C76806}"
EndProject
Global
	GlobalSection(SolutionConfigurationPlatforms) = preSolution
		Debug|Any CPU = Debug|Any CPU
		Release|Any CPU = Release|Any CPU
	EndGlobalSection
	GlobalSection(ProjectConfigurationPlatforms) = postSolution
		{297287BA-11D8-4B73-9F70-18A102C76806}.Debug|Any CPU.ActiveCfg = Debug|Any CPU
		{297287BA-11D8-4B73-9F70-18A102C76806}.Debug|Any CPU.Build.0 = Debug|Any CPU
		{297287BA-11D8-4B73-9F70-18A102C76806}.Release|Any CPU.ActiveCfg = Release|Any CPU
		{297287BA-11D8-4B73-9F70-18A102C76806}.Release|Any CPU.Build.0 = Release|Any CPU
	EndGlobalSection
	GlobalSection(SolutionProperties) = preSolution
		HideSolutionNode = FALSE
	EndGlobalSection
	GlobalSection(ExtensibilityGlobals) = postSolution
		SolutionGuid = {57497334-C612-44D8-8641-1EEFC6268B5C}
	EndGlobalSection
EndGlobal
